
Microsoft Visual Studio Solution File, Format Version 12.00
# Visual Studio Version 17
VisualStudioVersion = 17.4.33122.133
MinimumVisualStudioVersion = 10.0.40219.1
Project("{FAE04EC0-301F-11D3-BF4B-00C04F79EFBC}") = "JsonConsole", "JsonConsole\JsonConsole.csproj", "{29EFFE2E-B2CF-47B9-A14A-E90FA18728FD}"
EndProject
Global
	GlobalSection(SolutionConfigurationPlatforms) = preSolution
		Debug|Any CPU = Debug|Any CPU
		Release|Any CPU = Release|Any CPU
	EndGlobalSection
	GlobalSection(ProjectConfigurationPlatforms) = postSolution
		{29EFFE2E-B2CF-47B9-A14A-E90FA18728FD}.Debug|Any CPU.ActiveCfg = Debug|Any CPU
		{29EFFE2E-B2CF-47B9-A14A-E90FA18728FD}.Debug|Any CPU.Build.0 = Debug|Any CPU
		{29EFFE2E-B2CF-47B9-A14A-E90FA18728FD}.Release|Any CPU.ActiveCfg = Release|Any CPU
		{29EFFE2E-B2CF-47B9-A14A-E90FA18728FD}.Release|Any CPU.Build.0 = Release|Any CPU
	EndGlobalSection
	GlobalSection(SolutionProperties) = preSolution
		HideSolutionNode = FALSE
	EndGlobalSection
	GlobalSection(ExtensibilityGlobals) = postSolution
		SolutionGuid = {ED0DB04C-5F34-4E22-9220-254C2FCE1690}
	EndGlobalSection
EndGlobal
